
Microsoft Visual Studio Solution File, Format Version 12.00
# Visual Studio 15
VisualStudioVersion = 15.0.27130.2010
MinimumVisualStudioVersion = 10.0.40219.1
Project("{8BC9CEB8-8B4A-11D0-8D11-00A0C91BC942}") = "validate", "validate\validate.vcxproj", "{2FD4C7B2-7A46-4707-AEEA-DA257CF29663}"
EndProject
Global
	GlobalSection(SolutionConfigurationPlatforms) = preSolution
		Debug|x64 = Debug|x64
		Debug|x86 = Debug|x86
		Release|x64 = Release|x64
		Release|x86 = Release|x86
	EndGlobalSection
	GlobalSection(ProjectConfigurationPlatforms) = postSolution
		{2FD4C7B2-7A46-4707-AEEA-DA257CF29663}.Debug|x64.ActiveCfg = Debug|x64
		{2FD4C7B2-7A46-4707-AEEA-DA257CF29663}.Debug|x64.Build.0 = Debug|x64
		{2FD4C7B2-7A46-4707-AEEA-DA257CF29663}.Debug|x86.ActiveCfg = Debug|Win32
		{2FD4C7B2-7A46-4707-AEEA-DA257CF29663}.Debug|x86.Build.0 = Debug|Win32
		{2FD4C7B2-7A46-4707-AEEA-DA257CF29663}.Release|x64.ActiveCfg = Release|x64
		{2FD4C7B2-7A46-4707-AEEA-DA257CF29663}.Release|x64.Build.0 = Release|x64
		{2FD4C7B2-7A46-4707-AEEA-DA257CF29663}.Release|x86.ActiveCfg = Release|Win32
		{2FD4C7B2-7A46-4707-AEEA-DA257CF29663}.Release|x86.Build.0 = Release|Win32
	EndGlobalSection
	GlobalSection(SolutionProperties) = preSolution
		HideSolutionNode = FALSE
	EndGlobalSection
	GlobalSection(ExtensibilityGlobals) = postSolution
		SolutionGuid = {CFD0599F-CD49-4804-BDF4-948AD74FF470}
	EndGlobalSection
EndGlobal
